
Microsoft Visual Studio Solution File, Format Version 12.00
# Visual Studio Version 17
VisualStudioVersion = 17.0.31912.275
MinimumVisualStudioVersion = 10.0.40219.1
Project("{FAE04EC0-301F-11D3-BF4B-00C04F79EFBC}") = "CleanInstallerRegistry", "CleanInstallerRegistry\CleanInstallerRegistry.csproj", "{84FC36EA-AE46-4834-9921-8491379F1777}"
EndProject
Global
	GlobalSection(SolutionConfigurationPlatforms) = preSolution
		Debug|Any CPU = Debug|Any CPU
		Release|Any CPU = Release|Any CPU
	EndGlobalSection
	GlobalSection(ProjectConfigurationPlatforms) = postSolution
		{84FC36EA-AE46-4834-9921-8491379F1777}.Debug|Any CPU.ActiveCfg = Debug|Any CPU
		{84FC36EA-AE46-4834-9921-8491379F1777}.Debug|Any CPU.Build.0 = Debug|Any CPU
		{84FC36EA-AE46-4834-9921-8491379F1777}.Release|Any CPU.ActiveCfg = Release|Any CPU
		{84FC36EA-AE46-4834-9921-8491379F1777}.Release|Any CPU.Build.0 = Release|Any CPU
	EndGlobalSection
	GlobalSection(SolutionProperties) = preSolution
		HideSolutionNode = FALSE
	EndGlobalSection
	GlobalSection(ExtensibilityGlobals) = postSolution
		SolutionGuid = {0589CA11-C625-4445-811C-CC4B2B9F1B4E}
	EndGlobalSection
EndGlobal
